Microsoft Visual Studio Solution File, Format Version 12.00
# Visual Studio Version 17
VisualStudioVersion = 17.5.2.0
MinimumVisualStudioVersion = 10.0.40219.1
Project("{FAE04EC0-301F-11D3-BF4B-00C04F79EFBC}") = "PharmacyBackend", "PharmacyBackend.csproj", "{46C6F894-3F11-73DA-86C2-A1A2A9F19292}"
EndProject
Global
	GlobalSection(SolutionConfigurationPlatforms) = preSolution
		Debug|Any CPU = Debug|Any CPU
		Release|Any CPU = Release|Any CPU
	EndGlobalSection
	GlobalSection(ProjectConfigurationPlatforms) = postSolution
		{46C6F894-3F11-73DA-86C2-A1A2A9F19292}.Debug|Any CPU.ActiveCfg = Debug|Any CPU
		{46C6F894-3F11-73DA-86C2-A1A2A9F19292}.Debug|Any CPU.Build.0 = Debug|Any CPU
		{46C6F894-3F11-73DA-86C2-A1A2A9F19292}.Release|Any CPU.ActiveCfg = Release|Any CPU
		{46C6F894-3F11-73DA-86C2-A1A2A9F19292}.Release|Any CPU.Build.0 = Release|Any CPU
	EndGlobalSection
	GlobalSection(SolutionProperties) = preSolution
		HideSolutionNode = FALSE
	EndGlobalSection
	GlobalSection(ExtensibilityGlobals) = postSolution
		SolutionGuid = {C870B8CF-DD43-40C9-AFD1-D27F9DFE07B3}
	EndGlobalSection
EndGlobal
